
Microsoft Visual Studio Solution File, Format Version 12.00
# Visual Studio Version 16
VisualStudioVersion = 16.0.34729.46
MinimumVisualStudioVersion = 10.0.40219.1
Project("{8BC9CEB8-8B4A-11D0-8D11-00A0C91BC942}") = "lab14_Onatsky", "lab14_Onatsky\lab14_Onatsky.vcxproj", "{9F861BE1-2327-4FA2-AF09-59709B963237}"
EndProject
Global
	GlobalSection(SolutionConfigurationPlatforms) = preSolution
		Debug|x64 = Debug|x64
		Debug|x86 = Debug|x86
		Release|x64 = Release|x64
		Release|x86 = Release|x86
	EndGlobalSection
	GlobalSection(ProjectConfigurationPlatforms) = postSolution
		{9F861BE1-2327-4FA2-AF09-59709B963237}.Debug|x64.ActiveCfg = Debug|x64
		{9F861BE1-2327-4FA2-AF09-59709B963237}.Debug|x64.Build.0 = Debug|x64
		{9F861BE1-2327-4FA2-AF09-59709B963237}.Debug|x86.ActiveCfg = Debug|Win32
		{9F861BE1-2327-4FA2-AF09-59709B963237}.Debug|x86.Build.0 = Debug|Win32
		{9F861BE1-2327-4FA2-AF09-59709B963237}.Release|x64.ActiveCfg = Release|x64
		{9F861BE1-2327-4FA2-AF09-59709B963237}.Release|x64.Build.0 = Release|x64
		{9F861BE1-2327-4FA2-AF09-59709B963237}.Release|x86.ActiveCfg = Release|Win32
		{9F861BE1-2327-4FA2-AF09-59709B963237}.Release|x86.Build.0 = Release|Win32
	EndGlobalSection
	GlobalSection(SolutionProperties) = preSolution
		HideSolutionNode = FALSE
	EndGlobalSection
	GlobalSection(ExtensibilityGlobals) = postSolution
		SolutionGuid = {DFD671E3-1234-495E-BC23-24A4FB49596A}
	EndGlobalSection
EndGlobal
